
Microsoft Visual Studio Solution File, Format Version 12.00
# Visual Studio 15
VisualStudioVersion = 15.0.26124.0
MinimumVisualStudioVersion = 15.0.26124.0
Project("{FAE04EC0-301F-11D3-BF4B-00C04F79EFBC}") = "AuthenticationServer.Data", "AuthenticationServer.Data\AuthenticationServer.Data.csproj", "{5BB73E2B-3D8B-42A5-B139-8CB5619A7D4E}"
EndProject
Project("{FAE04EC0-301F-11D3-BF4B-00C04F79EFBC}") = "AuthenticationServer.Domain", "AuthenticationServer.Domain\AuthenticationServer.Domain.csproj", "{D571D2CE-94CE-4610-BF66-06BD75B9079B}"
EndProject
Project("{FAE04EC0-301F-11D3-BF4B-00C04F79EFBC}") = "AuthenticationServer.WebApi", "AuthenticationServer.WebApi\AuthenticationServer.WebApi.csproj", "{E335181B-3ED1-4CEE-AB7D-AA06A445D271}"
EndProject
Project("{FAE04EC0-301F-11D3-BF4B-00C04F79EFBC}") = "AuthenticationServer.WebApi.Tests", "AuthenticationServer.WebApi.Tests\AuthenticationServer.WebApi.Tests.csproj", "{3B019985-6E67-4F57-A853-D17ACF972A77}"
EndProject
Project("{FAE04EC0-301F-11D3-BF4B-00C04F79EFBC}") = "AuthenticationServer.Repository", "AuthenticationServer.Repository\AuthenticationServer.Repository.csproj", "{51017290-6DA5-4349-92CF-3735C311C9AF}"
EndProject
Project("{FAE04EC0-301F-11D3-BF4B-00C04F79EFBC}") = "AuthenticationServer.Security", "AuthenticationServer.Security\AuthenticationServer.Security.csproj", "{5F813021-247E-40C7-A6DD-0B9BF1EC708A}"
EndProject
Project("{FAE04EC0-301F-11D3-BF4B-00C04F79EFBC}") = "AuthenticationServer.WebApi.Tests.EndToEnd", "AuthenticationServer.WebApi.Tests.EndToEnd\AuthenticationServer.WebApi.Tests.EndToEnd.csproj", "{139B5A95-A761-4C19-A9C6-4725B2515282}"
EndProject
Global
	GlobalSection(SolutionConfigurationPlatforms) = preSolution
		Debug|Any CPU = Debug|Any CPU
		Debug|x64 = Debug|x64
		Debug|x86 = Debug|x86
		Release|Any CPU = Release|Any CPU
		Release|x64 = Release|x64
		Release|x86 = Release|x86
	EndGlobalSection
	GlobalSection(SolutionProperties) = preSolution
		HideSolutionNode = FALSE
	EndGlobalSection
	GlobalSection(ProjectConfigurationPlatforms) = postSolution
		{5BB73E2B-3D8B-42A5-B139-8CB5619A7D4E}.Debug|Any CPU.ActiveCfg = Debug|Any CPU
		{5BB73E2B-3D8B-42A5-B139-8CB5619A7D4E}.Debug|Any CPU.Build.0 = Debug|Any CPU
		{5BB73E2B-3D8B-42A5-B139-8CB5619A7D4E}.Debug|x64.ActiveCfg = Debug|Any CPU
		{5BB73E2B-3D8B-42A5-B139-8CB5619A7D4E}.Debug|x64.Build.0 = Debug|Any CPU
		{5BB73E2B-3D8B-42A5-B139-8CB5619A7D4E}.Debug|x86.ActiveCfg = Debug|Any CPU
		{5BB73E2B-3D8B-42A5-B139-8CB5619A7D4E}.Debug|x86.Build.0 = Debug|Any CPU
		{5BB73E2B-3D8B-42A5-B139-8CB5619A7D4E}.Release|Any CPU.ActiveCfg = Release|Any CPU
		{5BB73E2B-3D8B-42A5-B139-8CB5619A7D4E}.Release|Any CPU.Build.0 = Release|Any CPU
		{5BB73E2B-3D8B-42A5-B139-8CB5619A7D4E}.Release|x64.ActiveCfg = Release|Any CPU
		{5BB73E2B-3D8B-42A5-B139-8CB5619A7D4E}.Release|x64.Build.0 = Release|Any CPU
		{5BB73E2B-3D8B-42A5-B139-8CB5619A7D4E}.Release|x86.ActiveCfg = Release|Any CPU
		{5BB73E2B-3D8B-42A5-B139-8CB5619A7D4E}.Release|x86.Build.0 = Release|Any CPU
		{D571D2CE-94CE-4610-BF66-06BD75B9079B}.Debug|Any CPU.ActiveCfg = Debug|Any CPU
		{D571D2CE-94CE-4610-BF66-06BD75B9079B}.Debug|Any CPU.Build.0 = Debug|Any CPU
		{D571D2CE-94CE-4610-BF66-06BD75B9079B}.Debug|x64.ActiveCfg = Debug|Any CPU
		{D571D2CE-94CE-4610-BF66-06BD75B9079B}.Debug|x64.Build.0 = Debug|Any CPU
		{D571D2CE-94CE-4610-BF66-06BD75B9079B}.Debug|x86.ActiveCfg = Debug|Any CPU
		{D571D2CE-94CE-4610-BF66-06BD75B9079B}.Debug|x86.Build.0 = Debug|Any CPU
		{D571D2CE-94CE-4610-BF66-06BD75B9079B}.Release|Any CPU.ActiveCfg = Release|Any CPU
		{D571D2CE-94CE-4610-BF66-06BD75B9079B}.Release|Any CPU.Build.0 = Release|Any CPU
		{D571D2CE-94CE-4610-BF66-06BD75B9079B}.Release|x64.ActiveCfg = Release|Any CPU
		{D571D2CE-94CE-4610-BF66-06BD75B9079B}.Release|x64.Build.0 = Release|Any CPU
		{D571D2CE-94CE-4610-BF66-06BD75B9079B}.Release|x86.ActiveCfg = Release|Any CPU
		{D571D2CE-94CE-4610-BF66-06BD75B9079B}.Release|x86.Build.0 = Release|Any CPU
		{E335181B-3ED1-4CEE-AB7D-AA06A445D271}.Debug|Any CPU.ActiveCfg = Debug|Any CPU
		{E335181B-3ED1-4CEE-AB7D-AA06A445D271}.Debug|Any CPU.Build.0 = Debug|Any CPU
		{E335181B-3ED1-4CEE-AB7D-AA06A445D271}.Debug|x64.ActiveCfg = Debug|Any CPU
		{E335181B-3ED1-4CEE-AB7D-AA06A445D271}.Debug|x64.Build.0 = Debug|Any CPU
		{E335181B-3ED1-4CEE-AB7D-AA06A445D271}.Debug|x86.ActiveCfg = Debug|Any CPU
		{E335181B-3ED1-4CEE-AB7D-AA06A445D271}.Debug|x86.Build.0 = Debug|Any CPU
		{E335181B-3ED1-4CEE-AB7D-AA06A445D271}.Release|Any CPU.ActiveCfg = Release|Any CPU
		{E335181B-3ED1-4CEE-AB7D-AA06A445D271}.Release|Any CPU.Build.0 = Release|Any CPU
		{E335181B-3ED1-4CEE-AB7D-AA06A445D271}.Release|x64.ActiveCfg = Release|Any CPU
		{E335181B-3ED1-4CEE-AB7D-AA06A445D271}.Release|x64.Build.0 = Release|Any CPU
		{E335181B-3ED1-4CEE-AB7D-AA06A445D271}.Release|x86.ActiveCfg = Release|Any CPU
		{E335181B-3ED1-4CEE-AB7D-AA06A445D271}.Release|x86.Build.0 = Release|Any CPU
		{4B89DBE5-8694-4AC9-A60F-A3AEF91026B3}.Debug|Any CPU.ActiveCfg = Debug|Any CPU
		{4B89DBE5-8694-4AC9-A60F-A3AEF91026B3}.Debug|Any CPU.Build.0 = Debug|Any CPU
		{4B89DBE5-8694-4AC9-A60F-A3AEF91026B3}.Debug|x64.ActiveCfg = Debug|Any CPU
		{4B89DBE5-8694-4AC9-A60F-A3AEF91026B3}.Debug|x64.Build.0 = Debug|Any CPU
		{4B89DBE5-8694-4AC9-A60F-A3AEF91026B3}.Debug|x86.ActiveCfg = Debug|Any CPU
		{4B89DBE5-8694-4AC9-A60F-A3AEF91026B3}.Debug|x86.Build.0 = Debug|Any CPU
		{4B89DBE5-8694-4AC9-A60F-A3AEF91026B3}.Release|Any CPU.ActiveCfg = Release|Any CPU
		{4B89DBE5-8694-4AC9-A60F-A3AEF91026B3}.Release|Any CPU.Build.0 = Release|Any CPU
		{4B89DBE5-8694-4AC9-A60F-A3AEF91026B3}.Release|x64.ActiveCfg = Release|Any CPU
		{4B89DBE5-8694-4AC9-A60F-A3AEF91026B3}.Release|x64.Build.0 = Release|Any CPU
		{4B89DBE5-8694-4AC9-A60F-A3AEF91026B3}.Release|x86.ActiveCfg = Release|Any CPU
		{4B89DBE5-8694-4AC9-A60F-A3AEF91026B3}.Release|x86.Build.0 = Release|Any CPU
		{3B019985-6E67-4F57-A853-D17ACF972A77}.Debug|Any CPU.ActiveCfg = Debug|Any CPU
		{3B019985-6E67-4F57-A853-D17ACF972A77}.Debug|Any CPU.Build.0 = Debug|Any CPU
		{3B019985-6E67-4F57-A853-D17ACF972A77}.Debug|x64.ActiveCfg = Debug|Any CPU
		{3B019985-6E67-4F57-A853-D17ACF972A77}.Debug|x64.Build.0 = Debug|Any CPU
		{3B019985-6E67-4F57-A853-D17ACF972A77}.Debug|x86.ActiveCfg = Debug|Any CPU
		{3B019985-6E67-4F57-A853-D17ACF972A77}.Debug|x86.Build.0 = Debug|Any CPU
		{3B019985-6E67-4F57-A853-D17ACF972A77}.Release|Any CPU.ActiveCfg = Release|Any CPU
		{3B019985-6E67-4F57-A853-D17ACF972A77}.Release|Any CPU.Build.0 = Release|Any CPU
		{3B019985-6E67-4F57-A853-D17ACF972A77}.Release|x64.ActiveCfg = Release|Any CPU
		{3B019985-6E67-4F57-A853-D17ACF972A77}.Release|x64.Build.0 = Release|Any CPU
		{3B019985-6E67-4F57-A853-D17ACF972A77}.Release|x86.ActiveCfg = Release|Any CPU
		{3B019985-6E67-4F57-A853-D17ACF972A77}.Release|x86.Build.0 = Release|Any CPU
		{51017290-6DA5-4349-92CF-3735C311C9AF}.Debug|Any CPU.ActiveCfg = Debug|Any CPU
		{51017290-6DA5-4349-92CF-3735C311C9AF}.Debug|Any CPU.Build.0 = Debug|Any CPU
		{51017290-6DA5-4349-92CF-3735C311C9AF}.Debug|x64.ActiveCfg = Debug|Any CPU
		{51017290-6DA5-4349-92CF-3735C311C9AF}.Debug|x64.Build.0 = Debug|Any CPU
		{51017290-6DA5-4349-92CF-3735C311C9AF}.Debug|x86.ActiveCfg = Debug|Any CPU
		{51017290-6DA5-4349-92CF-3735C311C9AF}.Debug|x86.Build.0 = Debug|Any CPU
		{51017290-6DA5-4349-92CF-3735C311C9AF}.Release|Any CPU.ActiveCfg = Release|Any CPU
		{51017290-6DA5-4349-92CF-3735C311C9AF}.Release|Any CPU.Build.0 = Release|Any CPU
		{51017290-6DA5-4349-92CF-3735C311C9AF}.Release|x64.ActiveCfg = Release|Any CPU
		{51017290-6DA5-4349-92CF-3735C311C9AF}.Release|x64.Build.0 = Release|Any CPU
		{51017290-6DA5-4349-92CF-3735C311C9AF}.Release|x86.ActiveCfg = Release|Any CPU
		{51017290-6DA5-4349-92CF-3735C311C9AF}.Release|x86.Build.0 = Release|Any CPU
		{5F813021-247E-40C7-A6DD-0B9BF1EC708A}.Debug|Any CPU.ActiveCfg = Debug|Any CPU
		{5F813021-247E-40C7-A6DD-0B9BF1EC708A}.Debug|Any CPU.Build.0 = Debug|Any CPU
		{5F813021-247E-40C7-A6DD-0B9BF1EC708A}.Debug|x64.ActiveCfg = Debug|Any CPU
		{5F813021-247E-40C7-A6DD-0B9BF1EC708A}.Debug|x64.Build.0 = Debug|Any CPU
		{5F813021-247E-40C7-A6DD-0B9BF1EC708A}.Debug|x86.ActiveCfg = Debug|Any CPU
		{5F813021-247E-40C7-A6DD-0B9BF1EC708A}.Debug|x86.Build.0 = Debug|Any CPU
		{5F813021-247E-40C7-A6DD-0B9BF1EC708A}.Release|Any CPU.ActiveCfg = Release|Any CPU
		{5F813021-247E-40C7-A6DD-0B9BF1EC708A}.Release|Any CPU.Build.0 = Release|Any CPU
		{5F813021-247E-40C7-A6DD-0B9BF1EC708A}.Release|x64.ActiveCfg = Release|Any CPU
		{5F813021-247E-40C7-A6DD-0B9BF1EC708A}.Release|x64.Build.0 = Release|Any CPU
		{5F813021-247E-40C7-A6DD-0B9BF1EC708A}.Release|x86.ActiveCfg = Release|Any CPU
		{5F813021-247E-40C7-A6DD-0B9BF1EC708A}.Release|x86.Build.0 = Release|Any CPU
		{139B5A95-A761-4C19-A9C6-4725B2515282}.Debug|Any CPU.ActiveCfg = Debug|Any CPU
		{139B5A95-A761-4C19-A9C6-4725B2515282}.Debug|Any CPU.Build.0 = Debug|Any CPU
		{139B5A95-A761-4C19-A9C6-4725B2515282}.Debug|x64.ActiveCfg = Debug|Any CPU
		{139B5A95-A761-4C19-A9C6-4725B2515282}.Debug|x64.Build.0 = Debug|Any CPU
		{139B5A95-A761-4C19-A9C6-4725B2515282}.Debug|x86.ActiveCfg = Debug|Any CPU
		{139B5A95-A761-4C19-A9C6-4725B2515282}.Debug|x86.Build.0 = Debug|Any CPU
		{139B5A95-A761-4C19-A9C6-4725B2515282}.Release|Any CPU.ActiveCfg = Release|Any CPU
		{139B5A95-A761-4C19-A9C6-4725B2515282}.Release|Any CPU.Build.0 = Release|Any CPU
		{139B5A95-A761-4C19-A9C6-4725B2515282}.Release|x64.ActiveCfg = Release|Any CPU
		{139B5A95-A761-4C19-A9C6-4725B2515282}.Release|x64.Build.0 = Release|Any CPU
		{139B5A95-A761-4C19-A9C6-4725B2515282}.Release|x86.ActiveCfg = Release|Any CPU
		{139B5A95-A761-4C19-A9C6-4725B2515282}.Release|x86.Build.0 = Release|Any CPU
	EndGlobalSection
EndGlobal
