
Microsoft Visual Studio Solution File, Format Version 12.00
# Visual Studio 15
VisualStudioVersion = 15.0.26124.0
MinimumVisualStudioVersion = 15.0.26124.0
Project("{9A19103F-16F7-4668-BE54-9A1E7A4F7556}") = "AuthenticationServer.Data", "AuthenticationServer.Data\AuthenticationServer.Data.csproj", "{8FBD7D0A-59B4-4B61-AF7D-7D51DF900E7A}"
EndProject
Project("{9A19103F-16F7-4668-BE54-9A1E7A4F7556}") = "AuthenticationServer.Domain", "AuthenticationServer.Domain\AuthenticationServer.Domain.csproj", "{92E93390-41E6-4E04-8ED2-B4F4C7A81BA0}"
EndProject
Project("{9A19103F-16F7-4668-BE54-9A1E7A4F7556}") = "AuthenticationServer.WebApi", "AuthenticationServer.WebApi\AuthenticationServer.WebApi.csproj", "{6EA486D0-75CA-41CF-8ECF-3891AAC33357}"
EndProject
Global
	GlobalSection(SolutionConfigurationPlatforms) = preSolution
		Debug|Any CPU = Debug|Any CPU
		Debug|x64 = Debug|x64
		Debug|x86 = Debug|x86
		Release|Any CPU = Release|Any CPU
		Release|x64 = Release|x64
		Release|x86 = Release|x86
	EndGlobalSection
	GlobalSection(ProjectConfigurationPlatforms) = postSolution
		{8FBD7D0A-59B4-4B61-AF7D-7D51DF900E7A}.Debug|Any CPU.ActiveCfg = Debug|Any CPU
		{8FBD7D0A-59B4-4B61-AF7D-7D51DF900E7A}.Debug|Any CPU.Build.0 = Debug|Any CPU
		{8FBD7D0A-59B4-4B61-AF7D-7D51DF900E7A}.Debug|x64.ActiveCfg = Debug|Any CPU
		{8FBD7D0A-59B4-4B61-AF7D-7D51DF900E7A}.Debug|x64.Build.0 = Debug|Any CPU
		{8FBD7D0A-59B4-4B61-AF7D-7D51DF900E7A}.Debug|x86.ActiveCfg = Debug|Any CPU
		{8FBD7D0A-59B4-4B61-AF7D-7D51DF900E7A}.Debug|x86.Build.0 = Debug|Any CPU
		{8FBD7D0A-59B4-4B61-AF7D-7D51DF900E7A}.Release|Any CPU.ActiveCfg = Release|Any CPU
		{8FBD7D0A-59B4-4B61-AF7D-7D51DF900E7A}.Release|Any CPU.Build.0 = Release|Any CPU
		{8FBD7D0A-59B4-4B61-AF7D-7D51DF900E7A}.Release|x64.ActiveCfg = Release|Any CPU
		{8FBD7D0A-59B4-4B61-AF7D-7D51DF900E7A}.Release|x64.Build.0 = Release|Any CPU
		{8FBD7D0A-59B4-4B61-AF7D-7D51DF900E7A}.Release|x86.ActiveCfg = Release|Any CPU
		{8FBD7D0A-59B4-4B61-AF7D-7D51DF900E7A}.Release|x86.Build.0 = Release|Any CPU
		{92E93390-41E6-4E04-8ED2-B4F4C7A81BA0}.Debug|Any CPU.ActiveCfg = Debug|Any CPU
		{92E93390-41E6-4E04-8ED2-B4F4C7A81BA0}.Debug|Any CPU.Build.0 = Debug|Any CPU
		{92E93390-41E6-4E04-8ED2-B4F4C7A81BA0}.Debug|x64.ActiveCfg = Debug|Any CPU
		{92E93390-41E6-4E04-8ED2-B4F4C7A81BA0}.Debug|x64.Build.0 = Debug|Any CPU
		{92E93390-41E6-4E04-8ED2-B4F4C7A81BA0}.Debug|x86.ActiveCfg = Debug|Any CPU
		{92E93390-41E6-4E04-8ED2-B4F4C7A81BA0}.Debug|x86.Build.0 = Debug|Any CPU
		{92E93390-41E6-4E04-8ED2-B4F4C7A81BA0}.Release|Any CPU.ActiveCfg = Release|Any CPU
		{92E93390-41E6-4E04-8ED2-B4F4C7A81BA0}.Release|Any CPU.Build.0 = Release|Any CPU
		{92E93390-41E6-4E04-8ED2-B4F4C7A81BA0}.Release|x64.ActiveCfg = Release|Any CPU
		{92E93390-41E6-4E04-8ED2-B4F4C7A81BA0}.Release|x64.Build.0 = Release|Any CPU
		{92E93390-41E6-4E04-8ED2-B4F4C7A81BA0}.Release|x86.ActiveCfg = Release|Any CPU
		{92E93390-41E6-4E04-8ED2-B4F4C7A81BA0}.Release|x86.Build.0 = Release|Any CPU
		{6EA486D0-75CA-41CF-8ECF-3891AAC33357}.Debug|Any CPU.ActiveCfg = Debug|Any CPU
		{6EA486D0-75CA-41CF-8ECF-3891AAC33357}.Debug|Any CPU.Build.0 = Debug|Any CPU
		{6EA486D0-75CA-41CF-8ECF-3891AAC33357}.Debug|x64.ActiveCfg = Debug|Any CPU
		{6EA486D0-75CA-41CF-8ECF-3891AAC33357}.Debug|x64.Build.0 = Debug|Any CPU
		{6EA486D0-75CA-41CF-8ECF-3891AAC33357}.Debug|x86.ActiveCfg = Debug|Any CPU
		{6EA486D0-75CA-41CF-8ECF-3891AAC33357}.Debug|x86.Build.0 = Debug|Any CPU
		{6EA486D0-75CA-41CF-8ECF-3891AAC33357}.Release|Any CPU.ActiveCfg = Release|Any CPU
		{6EA486D0-75CA-41CF-8ECF-3891AAC33357}.Release|Any CPU.Build.0 = Release|Any CPU
		{6EA486D0-75CA-41CF-8ECF-3891AAC33357}.Release|x64.ActiveCfg = Release|Any CPU
		{6EA486D0-75CA-41CF-8ECF-3891AAC33357}.Release|x64.Build.0 = Release|Any CPU
		{6EA486D0-75CA-41CF-8ECF-3891AAC33357}.Release|x86.ActiveCfg = Release|Any CPU
		{6EA486D0-75CA-41CF-8ECF-3891AAC33357}.Release|x86.Build.0 = Release|Any CPU
	EndGlobalSection
	GlobalSection(SolutionProperties) = preSolution
		HideSolutionNode = FALSE
	EndGlobalSection
	GlobalSection(ExtensibilityGlobals) = postSolution
		SolutionGuid = {6466FD1C-9EE8-4440-BD0F-957FAD334121}
	EndGlobalSection
EndGlobal
